
Microsoft Visual Studio Solution File, Format Version 12.00
# Visual Studio Version 16
VisualStudioVersion = 16.0.28729.10
MinimumVisualStudioVersion = 10.0.40219.1
Project("{FAE04EC0-301F-11D3-BF4B-00C04F79EFBC}") = "Facer.Android", "Facer\Facer.Android\Facer.Android.csproj", "{BA571E8F-BDBD-4A74-AE89-48E58AE145CB}"
EndProject
Project("{FAE04EC0-301F-11D3-BF4B-00C04F79EFBC}") = "Facer.iOS", "Facer\Facer.iOS\Facer.iOS.csproj", "{E15C2568-E72C-419D-AA65-C121EB77D299}"
EndProject
Project("{FAE04EC0-301F-11D3-BF4B-00C04F79EFBC}") = "Facer.UWP", "Facer\Facer.UWP\Facer.UWP.csproj", "{D6A564D4-7235-4432-A797-CA5D0C31A442}"
EndProject
Project("{9A19103F-16F7-4668-BE54-9A1E7A4F7556}") = "Facer", "Facer\Facer\Facer.csproj", "{5A270913-621A-44D8-8954-32D2E425E359}"
EndProject
Project("{FAE04EC0-301F-11D3-BF4B-00C04F79EFBC}") = "Test", "Test\Test.csproj", "{470A8DAB-2ED3-4E48-83A2-2EC07B84AE6D}"
EndProject
Project("{FAE04EC0-301F-11D3-BF4B-00C04F79EFBC}") = "ImageTesting", "ImageTesting\ImageTesting.csproj", "{D18CCCD6-17CA-422A-AF80-934568B77212}"
EndProject
Project("{FAE04EC0-301F-11D3-BF4B-00C04F79EFBC}") = "FaceAPI", "FaceAPI\FaceAPI.csproj", "{804D1FA9-75A4-4016-9BE1-D98789582A15}"
EndProject
Global
	GlobalSection(SolutionConfigurationPlatforms) = preSolution
		Ad-Hoc|Any CPU = Ad-Hoc|Any CPU
		Ad-Hoc|ARM = Ad-Hoc|ARM
		Ad-Hoc|iPhone = Ad-Hoc|iPhone
		Ad-Hoc|iPhoneSimulator = Ad-Hoc|iPhoneSimulator
		Ad-Hoc|x64 = Ad-Hoc|x64
		Ad-Hoc|x86 = Ad-Hoc|x86
		AppStore|Any CPU = AppStore|Any CPU
		AppStore|ARM = AppStore|ARM
		AppStore|iPhone = AppStore|iPhone
		AppStore|iPhoneSimulator = AppStore|iPhoneSimulator
		AppStore|x64 = AppStore|x64
		AppStore|x86 = AppStore|x86
		Debug|Any CPU = Debug|Any CPU
		Debug|ARM = Debug|ARM
		Debug|iPhone = Debug|iPhone
		Debug|iPhoneSimulator = Debug|iPhoneSimulator
		Debug|x64 = Debug|x64
		Debug|x86 = Debug|x86
		Release|Any CPU = Release|Any CPU
		Release|ARM = Release|ARM
		Release|iPhone = Release|iPhone
		Release|iPhoneSimulator = Release|iPhoneSimulator
		Release|x64 = Release|x64
		Release|x86 = Release|x86
	EndGlobalSection
	GlobalSection(ProjectConfigurationPlatforms) = postSolution
		{BA571E8F-BDBD-4A74-AE89-48E58AE145CB}.Ad-Hoc|Any CPU.ActiveCfg = Release|Any CPU
		{BA571E8F-BDBD-4A74-AE89-48E58AE145CB}.Ad-Hoc|Any CPU.Build.0 = Release|Any CPU
		{BA571E8F-BDBD-4A74-AE89-48E58AE145CB}.Ad-Hoc|Any CPU.Deploy.0 = Release|Any CPU
		{BA571E8F-BDBD-4A74-AE89-48E58AE145CB}.Ad-Hoc|ARM.ActiveCfg = Release|Any CPU
		{BA571E8F-BDBD-4A74-AE89-48E58AE145CB}.Ad-Hoc|ARM.Build.0 = Release|Any CPU
		{BA571E8F-BDBD-4A74-AE89-48E58AE145CB}.Ad-Hoc|ARM.Deploy.0 = Release|Any CPU
		{BA571E8F-BDBD-4A74-AE89-48E58AE145CB}.Ad-Hoc|iPhone.ActiveCfg = Release|Any CPU
		{BA571E8F-BDBD-4A74-AE89-48E58AE145CB}.Ad-Hoc|iPhone.Build.0 = Release|Any CPU
		{BA571E8F-BDBD-4A74-AE89-48E58AE145CB}.Ad-Hoc|iPhone.Deploy.0 = Release|Any CPU
		{BA571E8F-BDBD-4A74-AE89-48E58AE145CB}.Ad-Hoc|iPhoneSimulator.ActiveCfg = Release|Any CPU
		{BA571E8F-BDBD-4A74-AE89-48E58AE145CB}.Ad-Hoc|iPhoneSimulator.Build.0 = Release|Any CPU
		{BA571E8F-BDBD-4A74-AE89-48E58AE145CB}.Ad-Hoc|iPhoneSimulator.Deploy.0 = Release|Any CPU
		{BA571E8F-BDBD-4A74-AE89-48E58AE145CB}.Ad-Hoc|x64.ActiveCfg = Release|Any CPU
		{BA571E8F-BDBD-4A74-AE89-48E58AE145CB}.Ad-Hoc|x64.Build.0 = Release|Any CPU
		{BA571E8F-BDBD-4A74-AE89-48E58AE145CB}.Ad-Hoc|x64.Deploy.0 = Release|Any CPU
		{BA571E8F-BDBD-4A74-AE89-48E58AE145CB}.Ad-Hoc|x86.ActiveCfg = Release|Any CPU
		{BA571E8F-BDBD-4A74-AE89-48E58AE145CB}.Ad-Hoc|x86.Build.0 = Release|Any CPU
		{BA571E8F-BDBD-4A74-AE89-48E58AE145CB}.Ad-Hoc|x86.Deploy.0 = Release|Any CPU
		{BA571E8F-BDBD-4A74-AE89-48E58AE145CB}.AppStore|Any CPU.ActiveCfg = Release|Any CPU
		{BA571E8F-BDBD-4A74-AE89-48E58AE145CB}.AppStore|Any CPU.Build.0 = Release|Any CPU
		{BA571E8F-BDBD-4A74-AE89-48E58AE145CB}.AppStore|Any CPU.Deploy.0 = Release|Any CPU
		{BA571E8F-BDBD-4A74-AE89-48E58AE145CB}.AppStore|ARM.ActiveCfg = Release|Any CPU
		{BA571E8F-BDBD-4A74-AE89-48E58AE145CB}.AppStore|ARM.Build.0 = Release|Any CPU
		{BA571E8F-BDBD-4A74-AE89-48E58AE145CB}.AppStore|ARM.Deploy.0 = Release|Any CPU
		{BA571E8F-BDBD-4A74-AE89-48E58AE145CB}.AppStore|iPhone.ActiveCfg = Release|Any CPU
		{BA571E8F-BDBD-4A74-AE89-48E58AE145CB}.AppStore|iPhone.Build.0 = Release|Any CPU
		{BA571E8F-BDBD-4A74-AE89-48E58AE145CB}.AppStore|iPhone.Deploy.0 = Release|Any CPU
		{BA571E8F-BDBD-4A74-AE89-48E58AE145CB}.AppStore|iPhoneSimulator.ActiveCfg = Release|Any CPU
		{BA571E8F-BDBD-4A74-AE89-48E58AE145CB}.AppStore|iPhoneSimulator.Build.0 = Release|Any CPU
		{BA571E8F-BDBD-4A74-AE89-48E58AE145CB}.AppStore|iPhoneSimulator.Deploy.0 = Release|Any CPU
		{BA571E8F-BDBD-4A74-AE89-48E58AE145CB}.AppStore|x64.ActiveCfg = Release|Any CPU
		{BA571E8F-BDBD-4A74-AE89-48E58AE145CB}.AppStore|x64.Build.0 = Release|Any CPU
		{BA571E8F-BDBD-4A74-AE89-48E58AE145CB}.AppStore|x64.Deploy.0 = Release|Any CPU
		{BA571E8F-BDBD-4A74-AE89-48E58AE145CB}.AppStore|x86.ActiveCfg = Release|Any CPU
		{BA571E8F-BDBD-4A74-AE89-48E58AE145CB}.AppStore|x86.Build.0 = Release|Any CPU
		{BA571E8F-BDBD-4A74-AE89-48E58AE145CB}.AppStore|x86.Deploy.0 = Release|Any CPU
		{BA571E8F-BDBD-4A74-AE89-48E58AE145CB}.Debug|Any CPU.ActiveCfg = Debug|Any CPU
		{BA571E8F-BDBD-4A74-AE89-48E58AE145CB}.Debug|Any CPU.Build.0 = Debug|Any CPU
		{BA571E8F-BDBD-4A74-AE89-48E58AE145CB}.Debug|Any CPU.Deploy.0 = Debug|Any CPU
		{BA571E8F-BDBD-4A74-AE89-48E58AE145CB}.Debug|ARM.ActiveCfg = Debug|Any CPU
		{BA571E8F-BDBD-4A74-AE89-48E58AE145CB}.Debug|ARM.Build.0 = Debug|Any CPU
		{BA571E8F-BDBD-4A74-AE89-48E58AE145CB}.Debug|ARM.Deploy.0 = Debug|Any CPU
		{BA571E8F-BDBD-4A74-AE89-48E58AE145CB}.Debug|iPhone.ActiveCfg = Debug|Any CPU
		{BA571E8F-BDBD-4A74-AE89-48E58AE145CB}.Debug|iPhone.Build.0 = Debug|Any CPU
		{BA571E8F-BDBD-4A74-AE89-48E58AE145CB}.Debug|iPhone.Deploy.0 = Debug|Any CPU
		{BA571E8F-BDBD-4A74-AE89-48E58AE145CB}.Debug|iPhoneSimulator.ActiveCfg = Debug|Any CPU
		{BA571E8F-BDBD-4A74-AE89-48E58AE145CB}.Debug|iPhoneSimulator.Build.0 = Debug|Any CPU
		{BA571E8F-BDBD-4A74-AE89-48E58AE145CB}.Debug|iPhoneSimulator.Deploy.0 = Debug|Any CPU
		{BA571E8F-BDBD-4A74-AE89-48E58AE145CB}.Debug|x64.ActiveCfg = Debug|Any CPU
		{BA571E8F-BDBD-4A74-AE89-48E58AE145CB}.Debug|x64.Build.0 = Debug|Any CPU
		{BA571E8F-BDBD-4A74-AE89-48E58AE145CB}.Debug|x64.Deploy.0 = Debug|Any CPU
		{BA571E8F-BDBD-4A74-AE89-48E58AE145CB}.Debug|x86.ActiveCfg = Debug|Any CPU
		{BA571E8F-BDBD-4A74-AE89-48E58AE145CB}.Debug|x86.Build.0 = Debug|Any CPU
		{BA571E8F-BDBD-4A74-AE89-48E58AE145CB}.Debug|x86.Deploy.0 = Debug|Any CPU
		{BA571E8F-BDBD-4A74-AE89-48E58AE145CB}.Release|Any CPU.ActiveCfg = Release|Any CPU
		{BA571E8F-BDBD-4A74-AE89-48E58AE145CB}.Release|Any CPU.Build.0 = Release|Any CPU
		{BA571E8F-BDBD-4A74-AE89-48E58AE145CB}.Release|Any CPU.Deploy.0 = Release|Any CPU
		{BA571E8F-BDBD-4A74-AE89-48E58AE145CB}.Release|ARM.ActiveCfg = Release|Any CPU
		{BA571E8F-BDBD-4A74-AE89-48E58AE145CB}.Release|ARM.Build.0 = Release|Any CPU
		{BA571E8F-BDBD-4A74-AE89-48E58AE145CB}.Release|ARM.Deploy.0 = Release|Any CPU
		{BA571E8F-BDBD-4A74-AE89-48E58AE145CB}.Release|iPhone.ActiveCfg = Release|Any CPU
		{BA571E8F-BDBD-4A74-AE89-48E58AE145CB}.Release|iPhone.Build.0 = Release|Any CPU
		{BA571E8F-BDBD-4A74-AE89-48E58AE145CB}.Release|iPhone.Deploy.0 = Release|Any CPU
		{BA571E8F-BDBD-4A74-AE89-48E58AE145CB}.Release|iPhoneSimulator.ActiveCfg = Release|Any CPU
		{BA571E8F-BDBD-4A74-AE89-48E58AE145CB}.Release|iPhoneSimulator.Build.0 = Release|Any CPU
		{BA571E8F-BDBD-4A74-AE89-48E58AE145CB}.Release|iPhoneSimulator.Deploy.0 = Release|Any CPU
		{BA571E8F-BDBD-4A74-AE89-48E58AE145CB}.Release|x64.ActiveCfg = Release|Any CPU
		{BA571E8F-BDBD-4A74-AE89-48E58AE145CB}.Release|x64.Build.0 = Release|Any CPU
		{BA571E8F-BDBD-4A74-AE89-48E58AE145CB}.Release|x64.Deploy.0 = Release|Any CPU
		{BA571E8F-BDBD-4A74-AE89-48E58AE145CB}.Release|x86.ActiveCfg = Release|Any CPU
		{BA571E8F-BDBD-4A74-AE89-48E58AE145CB}.Release|x86.Build.0 = Release|Any CPU
		{BA571E8F-BDBD-4A74-AE89-48E58AE145CB}.Release|x86.Deploy.0 = Release|Any CPU
		{E15C2568-E72C-419D-AA65-C121EB77D299}.Ad-Hoc|Any CPU.ActiveCfg = Ad-Hoc|iPhone
		{E15C2568-E72C-419D-AA65-C121EB77D299}.Ad-Hoc|Any CPU.Build.0 = Ad-Hoc|iPhone
		{E15C2568-E72C-419D-AA65-C121EB77D299}.Ad-Hoc|Any CPU.Deploy.0 = Ad-Hoc|iPhone
		{E15C2568-E72C-419D-AA65-C121EB77D299}.Ad-Hoc|ARM.ActiveCfg = Ad-Hoc|iPhone
		{E15C2568-E72C-419D-AA65-C121EB77D299}.Ad-Hoc|ARM.Build.0 = Ad-Hoc|iPhone
		{E15C2568-E72C-419D-AA65-C121EB77D299}.Ad-Hoc|ARM.Deploy.0 = Ad-Hoc|iPhone
		{E15C2568-E72C-419D-AA65-C121EB77D299}.Ad-Hoc|iPhone.ActiveCfg = Ad-Hoc|iPhone
		{E15C2568-E72C-419D-AA65-C121EB77D299}.Ad-Hoc|iPhone.Build.0 = Ad-Hoc|iPhone
		{E15C2568-E72C-419D-AA65-C121EB77D299}.Ad-Hoc|iPhone.Deploy.0 = Ad-Hoc|iPhone
		{E15C2568-E72C-419D-AA65-C121EB77D299}.Ad-Hoc|iPhoneSimulator.ActiveCfg = Ad-Hoc|iPhoneSimulator
		{E15C2568-E72C-419D-AA65-C121EB77D299}.Ad-Hoc|iPhoneSimulator.Build.0 = Ad-Hoc|iPhoneSimulator
		{E15C2568-E72C-419D-AA65-C121EB77D299}.Ad-Hoc|iPhoneSimulator.Deploy.0 = Ad-Hoc|iPhoneSimulator
		{E15C2568-E72C-419D-AA65-C121EB77D299}.Ad-Hoc|x64.ActiveCfg = Ad-Hoc|iPhone
		{E15C2568-E72C-419D-AA65-C121EB77D299}.Ad-Hoc|x64.Build.0 = Ad-Hoc|iPhone
		{E15C2568-E72C-419D-AA65-C121EB77D299}.Ad-Hoc|x64.Deploy.0 = Ad-Hoc|iPhone
		{E15C2568-E72C-419D-AA65-C121EB77D299}.Ad-Hoc|x86.ActiveCfg = Ad-Hoc|iPhone
		{E15C2568-E72C-419D-AA65-C121EB77D299}.Ad-Hoc|x86.Build.0 = Ad-Hoc|iPhone
		{E15C2568-E72C-419D-AA65-C121EB77D299}.Ad-Hoc|x86.Deploy.0 = Ad-Hoc|iPhone
		{E15C2568-E72C-419D-AA65-C121EB77D299}.AppStore|Any CPU.ActiveCfg = AppStore|iPhone
		{E15C2568-E72C-419D-AA65-C121EB77D299}.AppStore|Any CPU.Build.0 = AppStore|iPhone
		{E15C2568-E72C-419D-AA65-C121EB77D299}.AppStore|Any CPU.Deploy.0 = AppStore|iPhone
		{E15C2568-E72C-419D-AA65-C121EB77D299}.AppStore|ARM.ActiveCfg = AppStore|iPhone
		{E15C2568-E72C-419D-AA65-C121EB77D299}.AppStore|ARM.Build.0 = AppStore|iPhone
		{E15C2568-E72C-419D-AA65-C121EB77D299}.AppStore|ARM.Deploy.0 = AppStore|iPhone
		{E15C2568-E72C-419D-AA65-C121EB77D299}.AppStore|iPhone.ActiveCfg = AppStore|iPhone
		{E15C2568-E72C-419D-AA65-C121EB77D299}.AppStore|iPhone.Build.0 = AppStore|iPhone
		{E15C2568-E72C-419D-AA65-C121EB77D299}.AppStore|iPhone.Deploy.0 = AppStore|iPhone
		{E15C2568-E72C-419D-AA65-C121EB77D299}.AppStore|iPhoneSimulator.ActiveCfg = AppStore|iPhoneSimulator
		{E15C2568-E72C-419D-AA65-C121EB77D299}.AppStore|iPhoneSimulator.Build.0 = AppStore|iPhoneSimulator
		{E15C2568-E72C-419D-AA65-C121EB77D299}.AppStore|iPhoneSimulator.Deploy.0 = AppStore|iPhoneSimulator
		{E15C2568-E72C-419D-AA65-C121EB77D299}.AppStore|x64.ActiveCfg = AppStore|iPhone
		{E15C2568-E72C-419D-AA65-C121EB77D299}.AppStore|x64.Build.0 = AppStore|iPhone
		{E15C2568-E72C-419D-AA65-C121EB77D299}.AppStore|x64.Deploy.0 = AppStore|iPhone
		{E15C2568-E72C-419D-AA65-C121EB77D299}.AppStore|x86.ActiveCfg = AppStore|iPhone
		{E15C2568-E72C-419D-AA65-C121EB77D299}.AppStore|x86.Build.0 = AppStore|iPhone
		{E15C2568-E72C-419D-AA65-C121EB77D299}.AppStore|x86.Deploy.0 = AppStore|iPhone
		{E15C2568-E72C-419D-AA65-C121EB77D299}.Debug|Any CPU.ActiveCfg = Debug|iPhoneSimulator
		{E15C2568-E72C-419D-AA65-C121EB77D299}.Debug|Any CPU.Build.0 = Debug|iPhoneSimulator
		{E15C2568-E72C-419D-AA65-C121EB77D299}.Debug|Any CPU.Deploy.0 = Debug|iPhoneSimulator
		{E15C2568-E72C-419D-AA65-C121EB77D299}.Debug|ARM.ActiveCfg = Debug|iPhone
		{E15C2568-E72C-419D-AA65-C121EB77D299}.Debug|ARM.Build.0 = Debug|iPhone
		{E15C2568-E72C-419D-AA65-C121EB77D299}.Debug|ARM.Deploy.0 = Debug|iPhone
		{E15C2568-E72C-419D-AA65-C121EB77D299}.Debug|iPhone.ActiveCfg = Debug|iPhone
		{E15C2568-E72C-419D-AA65-C121EB77D299}.Debug|iPhone.Build.0 = Debug|iPhone
		{E15C2568-E72C-419D-AA65-C121EB77D299}.Debug|iPhone.Deploy.0 = Debug|iPhone
		{E15C2568-E72C-419D-AA65-C121EB77D299}.Debug|iPhoneSimulator.ActiveCfg = Debug|iPhoneSimulator
		{E15C2568-E72C-419D-AA65-C121EB77D299}.Debug|iPhoneSimulator.Build.0 = Debug|iPhoneSimulator
		{E15C2568-E72C-419D-AA65-C121EB77D299}.Debug|iPhoneSimulator.Deploy.0 = Debug|iPhoneSimulator
		{E15C2568-E72C-419D-AA65-C121EB77D299}.Debug|x64.ActiveCfg = Debug|iPhone
		{E15C2568-E72C-419D-AA65-C121EB77D299}.Debug|x64.Build.0 = Debug|iPhone
		{E15C2568-E72C-419D-AA65-C121EB77D299}.Debug|x64.Deploy.0 = Debug|iPhone
		{E15C2568-E72C-419D-AA65-C121EB77D299}.Debug|x86.ActiveCfg = Debug|iPhone
		{E15C2568-E72C-419D-AA65-C121EB77D299}.Debug|x86.Build.0 = Debug|iPhone
		{E15C2568-E72C-419D-AA65-C121EB77D299}.Debug|x86.Deploy.0 = Debug|iPhone
		{E15C2568-E72C-419D-AA65-C121EB77D299}.Release|Any CPU.ActiveCfg = Release|iPhone
		{E15C2568-E72C-419D-AA65-C121EB77D299}.Release|Any CPU.Build.0 = Release|iPhone
		{E15C2568-E72C-419D-AA65-C121EB77D299}.Release|Any CPU.Deploy.0 = Release|iPhone
		{E15C2568-E72C-419D-AA65-C121EB77D299}.Release|ARM.ActiveCfg = Release|iPhone
		{E15C2568-E72C-419D-AA65-C121EB77D299}.Release|ARM.Build.0 = Release|iPhone
		{E15C2568-E72C-419D-AA65-C121EB77D299}.Release|ARM.Deploy.0 = Release|iPhone
		{E15C2568-E72C-419D-AA65-C121EB77D299}.Release|iPhone.ActiveCfg = Release|iPhone
		{E15C2568-E72C-419D-AA65-C121EB77D299}.Release|iPhone.Build.0 = Release|iPhone
		{E15C2568-E72C-419D-AA65-C121EB77D299}.Release|iPhone.Deploy.0 = Release|iPhone
		{E15C2568-E72C-419D-AA65-C121EB77D299}.Release|iPhoneSimulator.ActiveCfg = Release|iPhoneSimulator
		{E15C2568-E72C-419D-AA65-C121EB77D299}.Release|iPhoneSimulator.Build.0 = Release|iPhoneSimulator
		{E15C2568-E72C-419D-AA65-C121EB77D299}.Release|iPhoneSimulator.Deploy.0 = Release|iPhoneSimulator
		{E15C2568-E72C-419D-AA65-C121EB77D299}.Release|x64.ActiveCfg = Release|iPhone
		{E15C2568-E72C-419D-AA65-C121EB77D299}.Release|x64.Build.0 = Release|iPhone
		{E15C2568-E72C-419D-AA65-C121EB77D299}.Release|x64.Deploy.0 = Release|iPhone
		{E15C2568-E72C-419D-AA65-C121EB77D299}.Release|x86.ActiveCfg = Release|iPhone
		{E15C2568-E72C-419D-AA65-C121EB77D299}.Release|x86.Build.0 = Release|iPhone
		{E15C2568-E72C-419D-AA65-C121EB77D299}.Release|x86.Deploy.0 = Release|iPhone
		{D6A564D4-7235-4432-A797-CA5D0C31A442}.Ad-Hoc|Any CPU.ActiveCfg = Release|x86
		{D6A564D4-7235-4432-A797-CA5D0C31A442}.Ad-Hoc|Any CPU.Build.0 = Release|x86
		{D6A564D4-7235-4432-A797-CA5D0C31A442}.Ad-Hoc|Any CPU.Deploy.0 = Release|x86
		{D6A564D4-7235-4432-A797-CA5D0C31A442}.Ad-Hoc|ARM.ActiveCfg = Release|ARM
		{D6A564D4-7235-4432-A797-CA5D0C31A442}.Ad-Hoc|ARM.Build.0 = Release|ARM
		{D6A564D4-7235-4432-A797-CA5D0C31A442}.Ad-Hoc|ARM.Deploy.0 = Release|ARM
		{D6A564D4-7235-4432-A797-CA5D0C31A442}.Ad-Hoc|iPhone.ActiveCfg = Release|x86
		{D6A564D4-7235-4432-A797-CA5D0C31A442}.Ad-Hoc|iPhone.Build.0 = Release|x86
		{D6A564D4-7235-4432-A797-CA5D0C31A442}.Ad-Hoc|iPhone.Deploy.0 = Release|x86
		{D6A564D4-7235-4432-A797-CA5D0C31A442}.Ad-Hoc|iPhoneSimulator.ActiveCfg = Release|x86
		{D6A564D4-7235-4432-A797-CA5D0C31A442}.Ad-Hoc|iPhoneSimulator.Build.0 = Release|x86
		{D6A564D4-7235-4432-A797-CA5D0C31A442}.Ad-Hoc|iPhoneSimulator.Deploy.0 = Release|x86
		{D6A564D4-7235-4432-A797-CA5D0C31A442}.Ad-Hoc|x64.ActiveCfg = Release|x64
		{D6A564D4-7235-4432-A797-CA5D0C31A442}.Ad-Hoc|x64.Build.0 = Release|x64
		{D6A564D4-7235-4432-A797-CA5D0C31A442}.Ad-Hoc|x64.Deploy.0 = Release|x64
		{D6A564D4-7235-4432-A797-CA5D0C31A442}.Ad-Hoc|x86.ActiveCfg = Release|x86
		{D6A564D4-7235-4432-A797-CA5D0C31A442}.Ad-Hoc|x86.Build.0 = Release|x86
		{D6A564D4-7235-4432-A797-CA5D0C31A442}.Ad-Hoc|x86.Deploy.0 = Release|x86
		{D6A564D4-7235-4432-A797-CA5D0C31A442}.AppStore|Any CPU.ActiveCfg = Release|x86
		{D6A564D4-7235-4432-A797-CA5D0C31A442}.AppStore|Any CPU.Build.0 = Release|x86
		{D6A564D4-7235-4432-A797-CA5D0C31A442}.AppStore|Any CPU.Deploy.0 = Release|x86
		{D6A564D4-7235-4432-A797-CA5D0C31A442}.AppStore|ARM.ActiveCfg = Release|ARM
		{D6A564D4-7235-4432-A797-CA5D0C31A442}.AppStore|ARM.Build.0 = Release|ARM
		{D6A564D4-7235-4432-A797-CA5D0C31A442}.AppStore|ARM.Deploy.0 = Release|ARM
		{D6A564D4-7235-4432-A797-CA5D0C31A442}.AppStore|iPhone.ActiveCfg = Release|x86
		{D6A564D4-7235-4432-A797-CA5D0C31A442}.AppStore|iPhone.Build.0 = Release|x86
		{D6A564D4-7235-4432-A797-CA5D0C31A442}.AppStore|iPhone.Deploy.0 = Release|x86
		{D6A564D4-7235-4432-A797-CA5D0C31A442}.AppStore|iPhoneSimulator.ActiveCfg = Release|x86
		{D6A564D4-7235-4432-A797-CA5D0C31A442}.AppStore|iPhoneSimulator.Build.0 = Release|x86
		{D6A564D4-7235-4432-A797-CA5D0C31A442}.AppStore|iPhoneSimulator.Deploy.0 = Release|x86
		{D6A564D4-7235-4432-A797-CA5D0C31A442}.AppStore|x64.ActiveCfg = Release|x64
		{D6A564D4-7235-4432-A797-CA5D0C31A442}.AppStore|x64.Build.0 = Release|x64
		{D6A564D4-7235-4432-A797-CA5D0C31A442}.AppStore|x64.Deploy.0 = Release|x64
		{D6A564D4-7235-4432-A797-CA5D0C31A442}.AppStore|x86.ActiveCfg = Release|x86
		{D6A564D4-7235-4432-A797-CA5D0C31A442}.AppStore|x86.Build.0 = Release|x86
		{D6A564D4-7235-4432-A797-CA5D0C31A442}.AppStore|x86.Deploy.0 = Release|x86
		{D6A564D4-7235-4432-A797-CA5D0C31A442}.Debug|Any CPU.ActiveCfg = Debug|x86
		{D6A564D4-7235-4432-A797-CA5D0C31A442}.Debug|Any CPU.Build.0 = Debug|x86
		{D6A564D4-7235-4432-A797-CA5D0C31A442}.Debug|Any CPU.Deploy.0 = Debug|x86
		{D6A564D4-7235-4432-A797-CA5D0C31A442}.Debug|ARM.ActiveCfg = Debug|ARM
		{D6A564D4-7235-4432-A797-CA5D0C31A442}.Debug|ARM.Build.0 = Debug|ARM
		{D6A564D4-7235-4432-A797-CA5D0C31A442}.Debug|ARM.Deploy.0 = Debug|ARM
		{D6A564D4-7235-4432-A797-CA5D0C31A442}.Debug|iPhone.ActiveCfg = Debug|x86
		{D6A564D4-7235-4432-A797-CA5D0C31A442}.Debug|iPhone.Build.0 = Debug|x86
		{D6A564D4-7235-4432-A797-CA5D0C31A442}.Debug|iPhone.Deploy.0 = Debug|x86
		{D6A564D4-7235-4432-A797-CA5D0C31A442}.Debug|iPhoneSimulator.ActiveCfg = Debug|x86
		{D6A564D4-7235-4432-A797-CA5D0C31A442}.Debug|iPhoneSimulator.Build.0 = Debug|x86
		{D6A564D4-7235-4432-A797-CA5D0C31A442}.Debug|iPhoneSimulator.Deploy.0 = Debug|x86
		{D6A564D4-7235-4432-A797-CA5D0C31A442}.Debug|x64.ActiveCfg = Debug|x64
		{D6A564D4-7235-4432-A797-CA5D0C31A442}.Debug|x64.Build.0 = Debug|x64
		{D6A564D4-7235-4432-A797-CA5D0C31A442}.Debug|x64.Deploy.0 = Debug|x64
		{D6A564D4-7235-4432-A797-CA5D0C31A442}.Debug|x86.ActiveCfg = Debug|x86
		{D6A564D4-7235-4432-A797-CA5D0C31A442}.Debug|x86.Build.0 = Debug|x86
		{D6A564D4-7235-4432-A797-CA5D0C31A442}.Debug|x86.Deploy.0 = Debug|x86
		{D6A564D4-7235-4432-A797-CA5D0C31A442}.Release|Any CPU.ActiveCfg = Release|x86
		{D6A564D4-7235-4432-A797-CA5D0C31A442}.Release|Any CPU.Build.0 = Release|x86
		{D6A564D4-7235-4432-A797-CA5D0C31A442}.Release|Any CPU.Deploy.0 = Release|x86
		{D6A564D4-7235-4432-A797-CA5D0C31A442}.Release|ARM.ActiveCfg = Release|ARM
		{D6A564D4-7235-4432-A797-CA5D0C31A442}.Release|ARM.Build.0 = Release|ARM
		{D6A564D4-7235-4432-A797-CA5D0C31A442}.Release|ARM.Deploy.0 = Release|ARM
		{D6A564D4-7235-4432-A797-CA5D0C31A442}.Release|iPhone.ActiveCfg = Release|x86
		{D6A564D4-7235-4432-A797-CA5D0C31A442}.Release|iPhone.Build.0 = Release|x86
		{D6A564D4-7235-4432-A797-CA5D0C31A442}.Release|iPhone.Deploy.0 = Release|x86
		{D6A564D4-7235-4432-A797-CA5D0C31A442}.Release|iPhoneSimulator.ActiveCfg = Release|x86
		{D6A564D4-7235-4432-A797-CA5D0C31A442}.Release|iPhoneSimulator.Build.0 = Release|x86
		{D6A564D4-7235-4432-A797-CA5D0C31A442}.Release|iPhoneSimulator.Deploy.0 = Release|x86
		{D6A564D4-7235-4432-A797-CA5D0C31A442}.Release|x64.ActiveCfg = Release|x64
		{D6A564D4-7235-4432-A797-CA5D0C31A442}.Release|x64.Build.0 = Release|x64
		{D6A564D4-7235-4432-A797-CA5D0C31A442}.Release|x64.Deploy.0 = Release|x64
		{D6A564D4-7235-4432-A797-CA5D0C31A442}.Release|x86.ActiveCfg = Release|x86
		{D6A564D4-7235-4432-A797-CA5D0C31A442}.Release|x86.Build.0 = Release|x86
		{D6A564D4-7235-4432-A797-CA5D0C31A442}.Release|x86.Deploy.0 = Release|x86
		{5A270913-621A-44D8-8954-32D2E425E359}.Ad-Hoc|Any CPU.ActiveCfg = Debug|Any CPU
		{5A270913-621A-44D8-8954-32D2E425E359}.Ad-Hoc|Any CPU.Build.0 = Debug|Any CPU
		{5A270913-621A-44D8-8954-32D2E425E359}.Ad-Hoc|Any CPU.Deploy.0 = Debug|Any CPU
		{5A270913-621A-44D8-8954-32D2E425E359}.Ad-Hoc|ARM.ActiveCfg = Debug|Any CPU
		{5A270913-621A-44D8-8954-32D2E425E359}.Ad-Hoc|ARM.Build.0 = Debug|Any CPU
		{5A270913-621A-44D8-8954-32D2E425E359}.Ad-Hoc|ARM.Deploy.0 = Debug|Any CPU
		{5A270913-621A-44D8-8954-32D2E425E359}.Ad-Hoc|iPhone.ActiveCfg = Debug|Any CPU
		{5A270913-621A-44D8-8954-32D2E425E359}.Ad-Hoc|iPhone.Build.0 = Debug|Any CPU
		{5A270913-621A-44D8-8954-32D2E425E359}.Ad-Hoc|iPhone.Deploy.0 = Debug|Any CPU
		{5A270913-621A-44D8-8954-32D2E425E359}.Ad-Hoc|iPhoneSimulator.ActiveCfg = Debug|Any CPU
		{5A270913-621A-44D8-8954-32D2E425E359}.Ad-Hoc|iPhoneSimulator.Build.0 = Debug|Any CPU
		{5A270913-621A-44D8-8954-32D2E425E359}.Ad-Hoc|iPhoneSimulator.Deploy.0 = Debug|Any CPU
		{5A270913-621A-44D8-8954-32D2E425E359}.Ad-Hoc|x64.ActiveCfg = Debug|Any CPU
		{5A270913-621A-44D8-8954-32D2E425E359}.Ad-Hoc|x64.Build.0 = Debug|Any CPU
		{5A270913-621A-44D8-8954-32D2E425E359}.Ad-Hoc|x64.Deploy.0 = Debug|Any CPU
		{5A270913-621A-44D8-8954-32D2E425E359}.Ad-Hoc|x86.ActiveCfg = Debug|Any CPU
		{5A270913-621A-44D8-8954-32D2E425E359}.Ad-Hoc|x86.Build.0 = Debug|Any CPU
		{5A270913-621A-44D8-8954-32D2E425E359}.Ad-Hoc|x86.Deploy.0 = Debug|Any CPU
		{5A270913-621A-44D8-8954-32D2E425E359}.AppStore|Any CPU.ActiveCfg = Debug|Any CPU
		{5A270913-621A-44D8-8954-32D2E425E359}.AppStore|Any CPU.Build.0 = Debug|Any CPU
		{5A270913-621A-44D8-8954-32D2E425E359}.AppStore|Any CPU.Deploy.0 = Debug|Any CPU
		{5A270913-621A-44D8-8954-32D2E425E359}.AppStore|ARM.ActiveCfg = Debug|Any CPU
		{5A270913-621A-44D8-8954-32D2E425E359}.AppStore|ARM.Build.0 = Debug|Any CPU
		{5A270913-621A-44D8-8954-32D2E425E359}.AppStore|ARM.Deploy.0 = Debug|Any CPU
		{5A270913-621A-44D8-8954-32D2E425E359}.AppStore|iPhone.ActiveCfg = Debug|Any CPU
		{5A270913-621A-44D8-8954-32D2E425E359}.AppStore|iPhone.Build.0 = Debug|Any CPU
		{5A270913-621A-44D8-8954-32D2E425E359}.AppStore|iPhone.Deploy.0 = Debug|Any CPU
		{5A270913-621A-44D8-8954-32D2E425E359}.AppStore|iPhoneSimulator.ActiveCfg = Debug|Any CPU
		{5A270913-621A-44D8-8954-32D2E425E359}.AppStore|iPhoneSimulator.Build.0 = Debug|Any CPU
		{5A270913-621A-44D8-8954-32D2E425E359}.AppStore|iPhoneSimulator.Deploy.0 = Debug|Any CPU
		{5A270913-621A-44D8-8954-32D2E425E359}.AppStore|x64.ActiveCfg = Debug|Any CPU
		{5A270913-621A-44D8-8954-32D2E425E359}.AppStore|x64.Build.0 = Debug|Any CPU
		{5A270913-621A-44D8-8954-32D2E425E359}.AppStore|x64.Deploy.0 = Debug|Any CPU
		{5A270913-621A-44D8-8954-32D2E425E359}.AppStore|x86.ActiveCfg = Debug|Any CPU
		{5A270913-621A-44D8-8954-32D2E425E359}.AppStore|x86.Build.0 = Debug|Any CPU
		{5A270913-621A-44D8-8954-32D2E425E359}.AppStore|x86.Deploy.0 = Debug|Any CPU
		{5A270913-621A-44D8-8954-32D2E425E359}.Debug|Any CPU.ActiveCfg = Debug|Any CPU
		{5A270913-621A-44D8-8954-32D2E425E359}.Debug|Any CPU.Build.0 = Debug|Any CPU
		{5A270913-621A-44D8-8954-32D2E425E359}.Debug|Any CPU.Deploy.0 = Debug|Any CPU
		{5A270913-621A-44D8-8954-32D2E425E359}.Debug|ARM.ActiveCfg = Debug|Any CPU
		{5A270913-621A-44D8-8954-32D2E425E359}.Debug|ARM.Build.0 = Debug|Any CPU
		{5A270913-621A-44D8-8954-32D2E425E359}.Debug|ARM.Deploy.0 = Debug|Any CPU
		{5A270913-621A-44D8-8954-32D2E425E359}.Debug|iPhone.ActiveCfg = Debug|Any CPU
		{5A270913-621A-44D8-8954-32D2E425E359}.Debug|iPhone.Build.0 = Debug|Any CPU
		{5A270913-621A-44D8-8954-32D2E425E359}.Debug|iPhone.Deploy.0 = Debug|Any CPU
		{5A270913-621A-44D8-8954-32D2E425E359}.Debug|iPhoneSimulator.ActiveCfg = Debug|Any CPU
		{5A270913-621A-44D8-8954-32D2E425E359}.Debug|iPhoneSimulator.Build.0 = Debug|Any CPU
		{5A270913-621A-44D8-8954-32D2E425E359}.Debug|iPhoneSimulator.Deploy.0 = Debug|Any CPU
		{5A270913-621A-44D8-8954-32D2E425E359}.Debug|x64.ActiveCfg = Debug|Any CPU
		{5A270913-621A-44D8-8954-32D2E425E359}.Debug|x64.Build.0 = Debug|Any CPU
		{5A270913-621A-44D8-8954-32D2E425E359}.Debug|x64.Deploy.0 = Debug|Any CPU
		{5A270913-621A-44D8-8954-32D2E425E359}.Debug|x86.ActiveCfg = Debug|Any CPU
		{5A270913-621A-44D8-8954-32D2E425E359}.Debug|x86.Build.0 = Debug|Any CPU
		{5A270913-621A-44D8-8954-32D2E425E359}.Debug|x86.Deploy.0 = Debug|Any CPU
		{5A270913-621A-44D8-8954-32D2E425E359}.Release|Any CPU.ActiveCfg = Release|Any CPU
		{5A270913-621A-44D8-8954-32D2E425E359}.Release|Any CPU.Build.0 = Release|Any CPU
		{5A270913-621A-44D8-8954-32D2E425E359}.Release|Any CPU.Deploy.0 = Release|Any CPU
		{5A270913-621A-44D8-8954-32D2E425E359}.Release|ARM.ActiveCfg = Release|Any CPU
		{5A270913-621A-44D8-8954-32D2E425E359}.Release|ARM.Build.0 = Release|Any CPU
		{5A270913-621A-44D8-8954-32D2E425E359}.Release|ARM.Deploy.0 = Release|Any CPU
		{5A270913-621A-44D8-8954-32D2E425E359}.Release|iPhone.ActiveCfg = Release|Any CPU
		{5A270913-621A-44D8-8954-32D2E425E359}.Release|iPhone.Build.0 = Release|Any CPU
		{5A270913-621A-44D8-8954-32D2E425E359}.Release|iPhone.Deploy.0 = Release|Any CPU
		{5A270913-621A-44D8-8954-32D2E425E359}.Release|iPhoneSimulator.ActiveCfg = Release|Any CPU
		{5A270913-621A-44D8-8954-32D2E425E359}.Release|iPhoneSimulator.Build.0 = Release|Any CPU
		{5A270913-621A-44D8-8954-32D2E425E359}.Release|iPhoneSimulator.Deploy.0 = Release|Any CPU
		{5A270913-621A-44D8-8954-32D2E425E359}.Release|x64.ActiveCfg = Release|Any CPU
		{5A270913-621A-44D8-8954-32D2E425E359}.Release|x64.Build.0 = Release|Any CPU
		{5A270913-621A-44D8-8954-32D2E425E359}.Release|x64.Deploy.0 = Release|Any CPU
		{5A270913-621A-44D8-8954-32D2E425E359}.Release|x86.ActiveCfg = Release|Any CPU
		{5A270913-621A-44D8-8954-32D2E425E359}.Release|x86.Build.0 = Release|Any CPU
		{5A270913-621A-44D8-8954-32D2E425E359}.Release|x86.Deploy.0 = Release|Any CPU
		{470A8DAB-2ED3-4E48-83A2-2EC07B84AE6D}.Ad-Hoc|Any CPU.ActiveCfg = Release|Any CPU
		{470A8DAB-2ED3-4E48-83A2-2EC07B84AE6D}.Ad-Hoc|Any CPU.Build.0 = Release|Any CPU
		{470A8DAB-2ED3-4E48-83A2-2EC07B84AE6D}.Ad-Hoc|ARM.ActiveCfg = Release|Any CPU
		{470A8DAB-2ED3-4E48-83A2-2EC07B84AE6D}.Ad-Hoc|ARM.Build.0 = Release|Any CPU
		{470A8DAB-2ED3-4E48-83A2-2EC07B84AE6D}.Ad-Hoc|iPhone.ActiveCfg = Release|Any CPU
		{470A8DAB-2ED3-4E48-83A2-2EC07B84AE6D}.Ad-Hoc|iPhone.Build.0 = Release|Any CPU
		{470A8DAB-2ED3-4E48-83A2-2EC07B84AE6D}.Ad-Hoc|iPhoneSimulator.ActiveCfg = Release|Any CPU
		{470A8DAB-2ED3-4E48-83A2-2EC07B84AE6D}.Ad-Hoc|iPhoneSimulator.Build.0 = Release|Any CPU
		{470A8DAB-2ED3-4E48-83A2-2EC07B84AE6D}.Ad-Hoc|x64.ActiveCfg = Release|Any CPU
		{470A8DAB-2ED3-4E48-83A2-2EC07B84AE6D}.Ad-Hoc|x64.Build.0 = Release|Any CPU
		{470A8DAB-2ED3-4E48-83A2-2EC07B84AE6D}.Ad-Hoc|x86.ActiveCfg = Release|Any CPU
		{470A8DAB-2ED3-4E48-83A2-2EC07B84AE6D}.Ad-Hoc|x86.Build.0 = Release|Any CPU
		{470A8DAB-2ED3-4E48-83A2-2EC07B84AE6D}.AppStore|Any CPU.ActiveCfg = Release|Any CPU
		{470A8DAB-2ED3-4E48-83A2-2EC07B84AE6D}.AppStore|Any CPU.Build.0 = Release|Any CPU
		{470A8DAB-2ED3-4E48-83A2-2EC07B84AE6D}.AppStore|ARM.ActiveCfg = Release|Any CPU
		{470A8DAB-2ED3-4E48-83A2-2EC07B84AE6D}.AppStore|ARM.Build.0 = Release|Any CPU
		{470A8DAB-2ED3-4E48-83A2-2EC07B84AE6D}.AppStore|iPhone.ActiveCfg = Release|Any CPU
		{470A8DAB-2ED3-4E48-83A2-2EC07B84AE6D}.AppStore|iPhone.Build.0 = Release|Any CPU
		{470A8DAB-2ED3-4E48-83A2-2EC07B84AE6D}.AppStore|iPhoneSimulator.ActiveCfg = Release|Any CPU
		{470A8DAB-2ED3-4E48-83A2-2EC07B84AE6D}.AppStore|iPhoneSimulator.Build.0 = Release|Any CPU
		{470A8DAB-2ED3-4E48-83A2-2EC07B84AE6D}.AppStore|x64.ActiveCfg = Release|Any CPU
		{470A8DAB-2ED3-4E48-83A2-2EC07B84AE6D}.AppStore|x64.Build.0 = Release|Any CPU
		{470A8DAB-2ED3-4E48-83A2-2EC07B84AE6D}.AppStore|x86.ActiveCfg = Release|Any CPU
		{470A8DAB-2ED3-4E48-83A2-2EC07B84AE6D}.AppStore|x86.Build.0 = Release|Any CPU
		{470A8DAB-2ED3-4E48-83A2-2EC07B84AE6D}.Debug|Any CPU.ActiveCfg = Debug|Any CPU
		{470A8DAB-2ED3-4E48-83A2-2EC07B84AE6D}.Debug|Any CPU.Build.0 = Debug|Any CPU
		{470A8DAB-2ED3-4E48-83A2-2EC07B84AE6D}.Debug|ARM.ActiveCfg = Debug|Any CPU
		{470A8DAB-2ED3-4E48-83A2-2EC07B84AE6D}.Debug|ARM.Build.0 = Debug|Any CPU
		{470A8DAB-2ED3-4E48-83A2-2EC07B84AE6D}.Debug|iPhone.ActiveCfg = Debug|Any CPU
		{470A8DAB-2ED3-4E48-83A2-2EC07B84AE6D}.Debug|iPhone.Build.0 = Debug|Any CPU
		{470A8DAB-2ED3-4E48-83A2-2EC07B84AE6D}.Debug|iPhoneSimulator.ActiveCfg = Debug|Any CPU
		{470A8DAB-2ED3-4E48-83A2-2EC07B84AE6D}.Debug|iPhoneSimulator.Build.0 = Debug|Any CPU
		{470A8DAB-2ED3-4E48-83A2-2EC07B84AE6D}.Debug|x64.ActiveCfg = Debug|Any CPU
		{470A8DAB-2ED3-4E48-83A2-2EC07B84AE6D}.Debug|x64.Build.0 = Debug|Any CPU
		{470A8DAB-2ED3-4E48-83A2-2EC07B84AE6D}.Debug|x86.ActiveCfg = Debug|Any CPU
		{470A8DAB-2ED3-4E48-83A2-2EC07B84AE6D}.Debug|x86.Build.0 = Debug|Any CPU
		{470A8DAB-2ED3-4E48-83A2-2EC07B84AE6D}.Release|Any CPU.ActiveCfg = Release|Any CPU
		{470A8DAB-2ED3-4E48-83A2-2EC07B84AE6D}.Release|Any CPU.Build.0 = Release|Any CPU
		{470A8DAB-2ED3-4E48-83A2-2EC07B84AE6D}.Release|ARM.ActiveCfg = Release|Any CPU
		{470A8DAB-2ED3-4E48-83A2-2EC07B84AE6D}.Release|ARM.Build.0 = Release|Any CPU
		{470A8DAB-2ED3-4E48-83A2-2EC07B84AE6D}.Release|iPhone.ActiveCfg = Release|Any CPU
		{470A8DAB-2ED3-4E48-83A2-2EC07B84AE6D}.Release|iPhone.Build.0 = Release|Any CPU
		{470A8DAB-2ED3-4E48-83A2-2EC07B84AE6D}.Release|iPhoneSimulator.ActiveCfg = Release|Any CPU
		{470A8DAB-2ED3-4E48-83A2-2EC07B84AE6D}.Release|iPhoneSimulator.Build.0 = Release|Any CPU
		{470A8DAB-2ED3-4E48-83A2-2EC07B84AE6D}.Release|x64.ActiveCfg = Release|Any CPU
		{470A8DAB-2ED3-4E48-83A2-2EC07B84AE6D}.Release|x64.Build.0 = Release|Any CPU
		{470A8DAB-2ED3-4E48-83A2-2EC07B84AE6D}.Release|x86.ActiveCfg = Release|Any CPU
		{470A8DAB-2ED3-4E48-83A2-2EC07B84AE6D}.Release|x86.Build.0 = Release|Any CPU
		{D18CCCD6-17CA-422A-AF80-934568B77212}.Ad-Hoc|Any CPU.ActiveCfg = Release|Any CPU
		{D18CCCD6-17CA-422A-AF80-934568B77212}.Ad-Hoc|Any CPU.Build.0 = Release|Any CPU
		{D18CCCD6-17CA-422A-AF80-934568B77212}.Ad-Hoc|ARM.ActiveCfg = Release|Any CPU
		{D18CCCD6-17CA-422A-AF80-934568B77212}.Ad-Hoc|ARM.Build.0 = Release|Any CPU
		{D18CCCD6-17CA-422A-AF80-934568B77212}.Ad-Hoc|iPhone.ActiveCfg = Release|Any CPU
		{D18CCCD6-17CA-422A-AF80-934568B77212}.Ad-Hoc|iPhone.Build.0 = Release|Any CPU
		{D18CCCD6-17CA-422A-AF80-934568B77212}.Ad-Hoc|iPhoneSimulator.ActiveCfg = Release|Any CPU
		{D18CCCD6-17CA-422A-AF80-934568B77212}.Ad-Hoc|iPhoneSimulator.Build.0 = Release|Any CPU
		{D18CCCD6-17CA-422A-AF80-934568B77212}.Ad-Hoc|x64.ActiveCfg = Release|Any CPU
		{D18CCCD6-17CA-422A-AF80-934568B77212}.Ad-Hoc|x64.Build.0 = Release|Any CPU
		{D18CCCD6-17CA-422A-AF80-934568B77212}.Ad-Hoc|x86.ActiveCfg = Release|Any CPU
		{D18CCCD6-17CA-422A-AF80-934568B77212}.Ad-Hoc|x86.Build.0 = Release|Any CPU
		{D18CCCD6-17CA-422A-AF80-934568B77212}.AppStore|Any CPU.ActiveCfg = Release|Any CPU
		{D18CCCD6-17CA-422A-AF80-934568B77212}.AppStore|Any CPU.Build.0 = Release|Any CPU
		{D18CCCD6-17CA-422A-AF80-934568B77212}.AppStore|ARM.ActiveCfg = Release|Any CPU
		{D18CCCD6-17CA-422A-AF80-934568B77212}.AppStore|ARM.Build.0 = Release|Any CPU
		{D18CCCD6-17CA-422A-AF80-934568B77212}.AppStore|iPhone.ActiveCfg = Release|Any CPU
		{D18CCCD6-17CA-422A-AF80-934568B77212}.AppStore|iPhone.Build.0 = Release|Any CPU
		{D18CCCD6-17CA-422A-AF80-934568B77212}.AppStore|iPhoneSimulator.ActiveCfg = Release|Any CPU
		{D18CCCD6-17CA-422A-AF80-934568B77212}.AppStore|iPhoneSimulator.Build.0 = Release|Any CPU
		{D18CCCD6-17CA-422A-AF80-934568B77212}.AppStore|x64.ActiveCfg = Release|Any CPU
		{D18CCCD6-17CA-422A-AF80-934568B77212}.AppStore|x64.Build.0 = Release|Any CPU
		{D18CCCD6-17CA-422A-AF80-934568B77212}.AppStore|x86.ActiveCfg = Release|Any CPU
		{D18CCCD6-17CA-422A-AF80-934568B77212}.AppStore|x86.Build.0 = Release|Any CPU
		{D18CCCD6-17CA-422A-AF80-934568B77212}.Debug|Any CPU.ActiveCfg = Debug|Any CPU
		{D18CCCD6-17CA-422A-AF80-934568B77212}.Debug|Any CPU.Build.0 = Debug|Any CPU
		{D18CCCD6-17CA-422A-AF80-934568B77212}.Debug|ARM.ActiveCfg = Debug|Any CPU
		{D18CCCD6-17CA-422A-AF80-934568B77212}.Debug|ARM.Build.0 = Debug|Any CPU
		{D18CCCD6-17CA-422A-AF80-934568B77212}.Debug|iPhone.ActiveCfg = Debug|Any CPU
		{D18CCCD6-17CA-422A-AF80-934568B77212}.Debug|iPhone.Build.0 = Debug|Any CPU
		{D18CCCD6-17CA-422A-AF80-934568B77212}.Debug|iPhoneSimulator.ActiveCfg = Debug|Any CPU
		{D18CCCD6-17CA-422A-AF80-934568B77212}.Debug|iPhoneSimulator.Build.0 = Debug|Any CPU
		{D18CCCD6-17CA-422A-AF80-934568B77212}.Debug|x64.ActiveCfg = Debug|Any CPU
		{D18CCCD6-17CA-422A-AF80-934568B77212}.Debug|x64.Build.0 = Debug|Any CPU
		{D18CCCD6-17CA-422A-AF80-934568B77212}.Debug|x86.ActiveCfg = Debug|Any CPU
		{D18CCCD6-17CA-422A-AF80-934568B77212}.Debug|x86.Build.0 = Debug|Any CPU
		{D18CCCD6-17CA-422A-AF80-934568B77212}.Release|Any CPU.ActiveCfg = Release|Any CPU
		{D18CCCD6-17CA-422A-AF80-934568B77212}.Release|Any CPU.Build.0 = Release|Any CPU
		{D18CCCD6-17CA-422A-AF80-934568B77212}.Release|ARM.ActiveCfg = Release|Any CPU
		{D18CCCD6-17CA-422A-AF80-934568B77212}.Release|ARM.Build.0 = Release|Any CPU
		{D18CCCD6-17CA-422A-AF80-934568B77212}.Release|iPhone.ActiveCfg = Release|Any CPU
		{D18CCCD6-17CA-422A-AF80-934568B77212}.Release|iPhone.Build.0 = Release|Any CPU
		{D18CCCD6-17CA-422A-AF80-934568B77212}.Release|iPhoneSimulator.ActiveCfg = Release|Any CPU
		{D18CCCD6-17CA-422A-AF80-934568B77212}.Release|iPhoneSimulator.Build.0 = Release|Any CPU
		{D18CCCD6-17CA-422A-AF80-934568B77212}.Release|x64.ActiveCfg = Release|Any CPU
		{D18CCCD6-17CA-422A-AF80-934568B77212}.Release|x64.Build.0 = Release|Any CPU
		{D18CCCD6-17CA-422A-AF80-934568B77212}.Release|x86.ActiveCfg = Release|Any CPU
		{D18CCCD6-17CA-422A-AF80-934568B77212}.Release|x86.Build.0 = Release|Any CPU
		{804D1FA9-75A4-4016-9BE1-D98789582A15}.Ad-Hoc|Any CPU.ActiveCfg = Debug|Any CPU
		{804D1FA9-75A4-4016-9BE1-D98789582A15}.Ad-Hoc|Any CPU.Build.0 = Debug|Any CPU
		{804D1FA9-75A4-4016-9BE1-D98789582A15}.Ad-Hoc|ARM.ActiveCfg = Debug|Any CPU
		{804D1FA9-75A4-4016-9BE1-D98789582A15}.Ad-Hoc|ARM.Build.0 = Debug|Any CPU
		{804D1FA9-75A4-4016-9BE1-D98789582A15}.Ad-Hoc|iPhone.ActiveCfg = Debug|Any CPU
		{804D1FA9-75A4-4016-9BE1-D98789582A15}.Ad-Hoc|iPhone.Build.0 = Debug|Any CPU
		{804D1FA9-75A4-4016-9BE1-D98789582A15}.Ad-Hoc|iPhoneSimulator.ActiveCfg = Debug|Any CPU
		{804D1FA9-75A4-4016-9BE1-D98789582A15}.Ad-Hoc|iPhoneSimulator.Build.0 = Debug|Any CPU
		{804D1FA9-75A4-4016-9BE1-D98789582A15}.Ad-Hoc|x64.ActiveCfg = Debug|Any CPU
		{804D1FA9-75A4-4016-9BE1-D98789582A15}.Ad-Hoc|x64.Build.0 = Debug|Any CPU
		{804D1FA9-75A4-4016-9BE1-D98789582A15}.Ad-Hoc|x86.ActiveCfg = Debug|Any CPU
		{804D1FA9-75A4-4016-9BE1-D98789582A15}.Ad-Hoc|x86.Build.0 = Debug|Any CPU
		{804D1FA9-75A4-4016-9BE1-D98789582A15}.AppStore|Any CPU.ActiveCfg = Debug|Any CPU
		{804D1FA9-75A4-4016-9BE1-D98789582A15}.AppStore|Any CPU.Build.0 = Debug|Any CPU
		{804D1FA9-75A4-4016-9BE1-D98789582A15}.AppStore|ARM.ActiveCfg = Debug|Any CPU
		{804D1FA9-75A4-4016-9BE1-D98789582A15}.AppStore|ARM.Build.0 = Debug|Any CPU
		{804D1FA9-75A4-4016-9BE1-D98789582A15}.AppStore|iPhone.ActiveCfg = Debug|Any CPU
		{804D1FA9-75A4-4016-9BE1-D98789582A15}.AppStore|iPhone.Build.0 = Debug|Any CPU
		{804D1FA9-75A4-4016-9BE1-D98789582A15}.AppStore|iPhoneSimulator.ActiveCfg = Debug|Any CPU
		{804D1FA9-75A4-4016-9BE1-D98789582A15}.AppStore|iPhoneSimulator.Build.0 = Debug|Any CPU
		{804D1FA9-75A4-4016-9BE1-D98789582A15}.AppStore|x64.ActiveCfg = Debug|Any CPU
		{804D1FA9-75A4-4016-9BE1-D98789582A15}.AppStore|x64.Build.0 = Debug|Any CPU
		{804D1FA9-75A4-4016-9BE1-D98789582A15}.AppStore|x86.ActiveCfg = Debug|Any CPU
		{804D1FA9-75A4-4016-9BE1-D98789582A15}.AppStore|x86.Build.0 = Debug|Any CPU
		{804D1FA9-75A4-4016-9BE1-D98789582A15}.Debug|Any CPU.ActiveCfg = Debug|Any CPU
		{804D1FA9-75A4-4016-9BE1-D98789582A15}.Debug|Any CPU.Build.0 = Debug|Any CPU
		{804D1FA9-75A4-4016-9BE1-D98789582A15}.Debug|ARM.ActiveCfg = Debug|Any CPU
		{804D1FA9-75A4-4016-9BE1-D98789582A15}.Debug|ARM.Build.0 = Debug|Any CPU
		{804D1FA9-75A4-4016-9BE1-D98789582A15}.Debug|iPhone.ActiveCfg = Debug|Any CPU
		{804D1FA9-75A4-4016-9BE1-D98789582A15}.Debug|iPhone.Build.0 = Debug|Any CPU
		{804D1FA9-75A4-4016-9BE1-D98789582A15}.Debug|iPhoneSimulator.ActiveCfg = Debug|Any CPU
		{804D1FA9-75A4-4016-9BE1-D98789582A15}.Debug|iPhoneSimulator.Build.0 = Debug|Any CPU
		{804D1FA9-75A4-4016-9BE1-D98789582A15}.Debug|x64.ActiveCfg = Debug|Any CPU
		{804D1FA9-75A4-4016-9BE1-D98789582A15}.Debug|x64.Build.0 = Debug|Any CPU
		{804D1FA9-75A4-4016-9BE1-D98789582A15}.Debug|x86.ActiveCfg = Debug|Any CPU
		{804D1FA9-75A4-4016-9BE1-D98789582A15}.Debug|x86.Build.0 = Debug|Any CPU
		{804D1FA9-75A4-4016-9BE1-D98789582A15}.Release|Any CPU.ActiveCfg = Release|Any CPU
		{804D1FA9-75A4-4016-9BE1-D98789582A15}.Release|Any CPU.Build.0 = Release|Any CPU
		{804D1FA9-75A4-4016-9BE1-D98789582A15}.Release|ARM.ActiveCfg = Release|Any CPU
		{804D1FA9-75A4-4016-9BE1-D98789582A15}.Release|ARM.Build.0 = Release|Any CPU
		{804D1FA9-75A4-4016-9BE1-D98789582A15}.Release|iPhone.ActiveCfg = Release|Any CPU
		{804D1FA9-75A4-4016-9BE1-D98789582A15}.Release|iPhone.Build.0 = Release|Any CPU
		{804D1FA9-75A4-4016-9BE1-D98789582A15}.Release|iPhoneSimulator.ActiveCfg = Release|Any CPU
		{804D1FA9-75A4-4016-9BE1-D98789582A15}.Release|iPhoneSimulator.Build.0 = Release|Any CPU
		{804D1FA9-75A4-4016-9BE1-D98789582A15}.Release|x64.ActiveCfg = Release|Any CPU
		{804D1FA9-75A4-4016-9BE1-D98789582A15}.Release|x64.Build.0 = Release|Any CPU
		{804D1FA9-75A4-4016-9BE1-D98789582A15}.Release|x86.ActiveCfg = Release|Any CPU
		{804D1FA9-75A4-4016-9BE1-D98789582A15}.Release|x86.Build.0 = Release|Any CPU
	EndGlobalSection
	GlobalSection(SolutionProperties) = preSolution
		HideSolutionNode = FALSE
	EndGlobalSection
	GlobalSection(ExtensibilityGlobals) = postSolution
		SolutionGuid = {0795E677-5E47-4243-B91E-E8267D973648}
	EndGlobalSection
EndGlobal
